// !$*UTF8*$!
{
	archiveVersion = 1;
	classes = {
	};
	objectVersion = 55;
	objects = {

/* Begin PBXBuildFile section */
		D8B38A0E287D536B00E02D38 /* AppDelegate.swift in Sources */ = {isa = PBXBuildFile; fileRef = D8B38A0D287D536B00E02D38 /* AppDelegate.swift */; };
		D8B38A10287D536B00E02D38 /* SceneDelegate.swift in Sources */ = {isa = PBXBuildFile; fileRef = D8B38A0F287D536B00E02D38 /* SceneDelegate.swift */; };
		D8B38A17287D536D00E02D38 /* Assets.xcassets in Resources */ = {isa = PBXBuildFile; fileRef = D8B38A16287D536D00E02D38 /* Assets.xcassets */; };
		D8B38A1A287D536D00E02D38 /* LaunchScreen.storyboard in Resources */ = {isa = PBXBuildFile; fileRef = D8B38A18287D536D00E02D38 /* LaunchScreen.storyboard */; };
		D8B38A23287D53F700E02D38 /* RxCocoa in Frameworks */ = {isa = PBXBuildFile; productRef = D8B38A22287D53F700E02D38 /* RxCocoa */; };
		D8B38A25287D53F700E02D38 /* RxRelay in Frameworks */ = {isa = PBXBuildFile; productRef = D8B38A24287D53F700E02D38 /* RxRelay */; };
		D8B38A27287D53F700E02D38 /* RxSwift in Frameworks */ = {isa = PBXBuildFile; productRef = D8B38A26287D53F700E02D38 /* RxSwift */; };
		D8B38A2A287D542600E02D38 /* Kingfisher in Frameworks */ = {isa = PBXBuildFile; productRef = D8B38A29287D542600E02D38 /* Kingfisher */; };
		D8B38A2D287D544500E02D38 /* SnapKit in Frameworks */ = {isa = PBXBuildFile; productRef = D8B38A2C287D544500E02D38 /* SnapKit */; };
		D8B38A2F287D54BB00E02D38 /* MainViewController.swift in Sources */ = {isa = PBXBuildFile; fileRef = D8B38A2E287D54BB00E02D38 /* MainViewController.swift */; };
		D8B38A31287D57BB00E02D38 /* SearchBar.swift in Sources */ = {isa = PBXBuildFile; fileRef = D8B38A30287D57BB00E02D38 /* SearchBar.swift */; };
		D8B38A33287D5B8A00E02D38 /* FilterView.swift in Sources */ = {isa = PBXBuildFile; fileRef = D8B38A32287D5B8A00E02D38 /* FilterView.swift */; };
		D8B38A35287D5D4000E02D38 /* BlogListView.swift in Sources */ = {isa = PBXBuildFile; fileRef = D8B38A34287D5D4000E02D38 /* BlogListView.swift */; };
		D8B38A37287D5D4F00E02D38 /* BlogListCell.swift in Sources */ = {isa = PBXBuildFile; fileRef = D8B38A36287D5D4F00E02D38 /* BlogListCell.swift */; };
		D8B38A39287D5D5C00E02D38 /* BlogListCellData.swift in Sources */ = {isa = PBXBuildFile; fileRef = D8B38A38287D5D5C00E02D38 /* BlogListCellData.swift */; };
		D8B38A42287D63CF00E02D38 /* AlertActionConvertible.swift in Sources */ = {isa = PBXBuildFile; fileRef = D8B38A41287D63CF00E02D38 /* AlertActionConvertible.swift */; };
		D8B38A44287D6B8300E02D38 /* DKBlog.swift in Sources */ = {isa = PBXBuildFile; fileRef = D8B38A43287D6B8300E02D38 /* DKBlog.swift */; };
		D8B38A46287D6DC600E02D38 /* SearchBlogAPI.swift in Sources */ = {isa = PBXBuildFile; fileRef = D8B38A45287D6DC600E02D38 /* SearchBlogAPI.swift */; };
		D8B38A49287D6E8D00E02D38 /* SearchBlogNetwork.swift in Sources */ = {isa = PBXBuildFile; fileRef = D8B38A48287D6E8D00E02D38 /* SearchBlogNetwork.swift */; };
/* End PBXBuildFile section */

/* Begin PBXFileReference section */
		D8B38A0A287D536B00E02D38 /* SearchDaumBlog.app */ = {isa = PBXFileReference; explicitFileType = wrapper.application; includeInIndex = 0; path = SearchDaumBlog.app; sourceTree = BUILT_PRODUCTS_DIR; };
		D8B38A0D287D536B00E02D38 /* AppDelegate.swift */ = {isa = PBXFileReference; lastKnownFileType = sourcecode.swift; path = AppDelegate.swift; sourceTree = "<group>"; };
		D8B38A0F287D536B00E02D38 /* SceneDelegate.swift */ = {isa = PBXFileReference; lastKnownFileType = sourcecode.swift; path = SceneDelegate.swift; sourceTree = "<group>"; };
		D8B38A16287D536D00E02D38 /* Assets.xcassets */ = {isa = PBXFileReference; lastKnownFileType = folder.assetcatalog; path = Assets.xcassets; sourceTree = "<group>"; };
		D8B38A19287D536D00E02D38 /* Base */ = {isa = PBXFileReference; lastKnownFileType = file.storyboard; name = Base; path = Base.lproj/LaunchScreen.storyboard; sourceTree = "<group>"; };
		D8B38A1B287D536D00E02D38 /* Info.plist */ = {isa = PBXFileReference; lastKnownFileType = text.plist.xml; path = Info.plist; sourceTree = "<group>"; };
		D8B38A2E287D54BB00E02D38 /* MainViewController.swift */ = {isa = PBXFileReference; lastKnownFileType = sourcecode.swift; path = MainViewController.swift; sourceTree = "<group>"; };
		D8B38A30287D57BB00E02D38 /* SearchBar.swift */ = {isa = PBXFileReference; lastKnownFileType = sourcecode.swift; path = SearchBar.swift; sourceTree = "<group>"; };
		D8B38A32287D5B8A00E02D38 /* FilterView.swift */ = {isa = PBXFileReference; lastKnownFileType = sourcecode.swift; path = FilterView.swift; sourceTree = "<group>"; };
		D8B38A34287D5D4000E02D38 /* BlogListView.swift */ = {isa = PBXFileReference; lastKnownFileType = sourcecode.swift; path = BlogListView.swift; sourceTree = "<group>"; };
		D8B38A36287D5D4F00E02D38 /* BlogListCell.swift */ = {isa = PBXFileReference; lastKnownFileType = sourcecode.swift; path = BlogListCell.swift; sourceTree = "<group>"; };
		D8B38A38287D5D5C00E02D38 /* BlogListCellData.swift */ = {isa = PBXFileReference; lastKnownFileType = sourcecode.swift; path = BlogListCellData.swift; sourceTree = "<group>"; };
		D8B38A41287D63CF00E02D38 /* AlertActionConvertible.swift */ = {isa = PBXFileReference; lastKnownFileType = sourcecode.swift; path = AlertActionConvertible.swift; sourceTree = "<group>"; };
		D8B38A43287D6B8300E02D38 /* DKBlog.swift */ = {isa = PBXFileReference; lastKnownFileType = sourcecode.swift; path = DKBlog.swift; sourceTree = "<group>"; };
		D8B38A45287D6DC600E02D38 /* SearchBlogAPI.swift */ = {isa = PBXFileReference; lastKnownFileType = sourcecode.swift; path = SearchBlogAPI.swift; sourceTree = "<group>"; };
		D8B38A48287D6E8D00E02D38 /* SearchBlogNetwork.swift */ = {isa = PBXFileReference; lastKnownFileType = sourcecode.swift; path = SearchBlogNetwork.swift; sourceTree = "<group>"; };
/* End PBXFileReference section */

/* Begin PBXFrameworksBuildPhase section */
		D8B38A07287D536B00E02D38 /* Frameworks */ = {
			isa = PBXFrameworksBuildPhase;
			buildActionMask = 2147483647;
			files = (
				D8B38A2A287D542600E02D38 /* Kingfisher in Frameworks */,
				D8B38A27287D53F700E02D38 /* RxSwift in Frameworks */,
				D8B38A25287D53F700E02D38 /* RxRelay in Frameworks */,
				D8B38A23287D53F700E02D38 /* RxCocoa in Frameworks */,
				D8B38A2D287D544500E02D38 /* SnapKit in Frameworks */,
			);
			runOnlyForDeploymentPostprocessing = 0;
		};
/* End PBXFrameworksBuildPhase section */

/* Begin PBXGroup section */
		D8B38A01287D536B00E02D38 = {
			isa = PBXGroup;
			children = (
				D8B38A0C287D536B00E02D38 /* SearchDaumBlog */,
				D8B38A0B287D536B00E02D38 /* Products */,
			);
			sourceTree = "<group>";
		};
		D8B38A0B287D536B00E02D38 /* Products */ = {
			isa = PBXGroup;
			children = (
				D8B38A0A287D536B00E02D38 /* SearchDaumBlog.app */,
			);
			name = Products;
			sourceTree = "<group>";
		};
		D8B38A0C287D536B00E02D38 /* SearchDaumBlog */ = {
			isa = PBXGroup;
			children = (
				D8B38A0D287D536B00E02D38 /* AppDelegate.swift */,
				D8B38A0F287D536B00E02D38 /* SceneDelegate.swift */,
				D8B38A47287D6DD200E02D38 /* Network */,
				D8B38A3B287D5D7E00E02D38 /* Entities */,
				D8B38A3A287D5D6A00E02D38 /* Presentation */,
				D8B38A16287D536D00E02D38 /* Assets.xcassets */,
				D8B38A18287D536D00E02D38 /* LaunchScreen.storyboard */,
				D8B38A1B287D536D00E02D38 /* Info.plist */,
			);
			path = SearchDaumBlog;
			sourceTree = "<group>";
		};
		D8B38A3A287D5D6A00E02D38 /* Presentation */ = {
			isa = PBXGroup;
			children = (
				D8B38A3D287D625E00E02D38 /* MainViewController */,
			);
			path = Presentation;
			sourceTree = "<group>";
		};
		D8B38A3B287D5D7E00E02D38 /* Entities */ = {
			isa = PBXGroup;
			children = (
				D8B38A38287D5D5C00E02D38 /* BlogListCellData.swift */,
				D8B38A41287D63CF00E02D38 /* AlertActionConvertible.swift */,
				D8B38A43287D6B8300E02D38 /* DKBlog.swift */,
			);
			path = Entities;
			sourceTree = "<group>";
		};
		D8B38A3C287D624700E02D38 /* SubComponents */ = {
			isa = PBXGroup;
			children = (
				D8B38A3E287D628C00E02D38 /* SearchBar */,
				D8B38A3F287D62A800E02D38 /* BlogListview */,
			);
			path = SubComponents;
			sourceTree = "<group>";
		};
		D8B38A3D287D625E00E02D38 /* MainViewController */ = {
			isa = PBXGroup;
			children = (
				D8B38A2E287D54BB00E02D38 /* MainViewController.swift */,
				D8B38A3C287D624700E02D38 /* SubComponents */,
			);
			path = MainViewController;
			sourceTree = "<group>";
		};
		D8B38A3E287D628C00E02D38 /* SearchBar */ = {
			isa = PBXGroup;
			children = (
				D8B38A30287D57BB00E02D38 /* SearchBar.swift */,
			);
			path = SearchBar;
			sourceTree = "<group>";
		};
		D8B38A3F287D62A800E02D38 /* BlogListview */ = {
			isa = PBXGroup;
			children = (
				D8B38A34287D5D4000E02D38 /* BlogListView.swift */,
				D8B38A40287D62B700E02D38 /* SubComponents */,
			);
			path = BlogListview;
			sourceTree = "<group>";
		};
		D8B38A40287D62B700E02D38 /* SubComponents */ = {
			isa = PBXGroup;
			children = (
				D8B38A32287D5B8A00E02D38 /* FilterView.swift */,
				D8B38A36287D5D4F00E02D38 /* BlogListCell.swift */,
			);
			path = SubComponents;
			sourceTree = "<group>";
		};
		D8B38A47287D6DD200E02D38 /* Network */ = {
			isa = PBXGroup;
			children = (
				D8B38A45287D6DC600E02D38 /* SearchBlogAPI.swift */,
				D8B38A48287D6E8D00E02D38 /* SearchBlogNetwork.swift */,
			);
			path = Network;
			sourceTree = "<group>";
		};
/* End PBXGroup section */

/* Begin PBXNativeTarget section */
		D8B38A09287D536B00E02D38 /* SearchDaumBlog */ = {
			isa = PBXNativeTarget;
			buildConfigurationList = D8B38A1E287D536D00E02D38 /* Build configuration list for PBXNativeTarget "SearchDaumBlog" */;
			buildPhases = (
				D8B38A06287D536B00E02D38 /* Sources */,
				D8B38A07287D536B00E02D38 /* Frameworks */,
				D8B38A08287D536B00E02D38 /* Resources */,
			);
			buildRules = (
			);
			dependencies = (
			);
			name = SearchDaumBlog;
			packageProductDependencies = (
				D8B38A22287D53F700E02D38 /* RxCocoa */,
				D8B38A24287D53F700E02D38 /* RxRelay */,
				D8B38A26287D53F700E02D38 /* RxSwift */,
				D8B38A29287D542600E02D38 /* Kingfisher */,
				D8B38A2C287D544500E02D38 /* SnapKit */,
			);
			productName = SearchDaumBlog;
			productReference = D8B38A0A287D536B00E02D38 /* SearchDaumBlog.app */;
			productType = "com.apple.product-type.application";
		};
/* End PBXNativeTarget section */

/* Begin PBXProject section */
		D8B38A02287D536B00E02D38 /* Project object */ = {
			isa = PBXProject;
			attributes = {
				BuildIndependentTargetsInParallel = 1;
				LastSwiftUpdateCheck = 1330;
				LastUpgradeCheck = 1330;
				TargetAttributes = {
					D8B38A09287D536B00E02D38 = {
						CreatedOnToolsVersion = 13.3.1;
					};
				};
			};
			buildConfigurationList = D8B38A05287D536B00E02D38 /* Build configuration list for PBXProject "SearchDaumBlog" */;
			compatibilityVersion = "Xcode 13.0";
			developmentRegion = en;
			hasScannedForEncodings = 0;
			knownRegions = (
				en,
				Base,
			);
			mainGroup = D8B38A01287D536B00E02D38;
			packageReferences = (
				D8B38A21287D53F700E02D38 /* XCRemoteSwiftPackageReference "rxswift" */,
				D8B38A28287D542500E02D38 /* XCRemoteSwiftPackageReference "Kingfisher" */,
				D8B38A2B287D544500E02D38 /* XCRemoteSwiftPackageReference "SnapKit" */,
			);
			productRefGroup = D8B38A0B287D536B00E02D38 /* Products */;
			projectDirPath = "";
			projectRoot = "";
			targets = (
				D8B38A09287D536B00E02D38 /* SearchDaumBlog */,
			);
		};
/* End PBXProject section */

/* Begin PBXResourcesBuildPhase section */
		D8B38A08287D536B00E02D38 /* Resources */ = {
			isa = PBXResourcesBuildPhase;
			buildActionMask = 2147483647;
			files = (
				D8B38A1A287D536D00E02D38 /* LaunchScreen.storyboard in Resources */,
				D8B38A17287D536D00E02D38 /* Assets.xcassets in Resources */,
			);
			runOnlyForDeploymentPostprocessing = 0;
		};
/* End PBXResourcesBuildPhase section */

/* Begin PBXSourcesBuildPhase section */
		D8B38A06287D536B00E02D38 /* Sources */ = {
			isa = PBXSourcesBuildPhase;
			buildActionMask = 2147483647;
			files = (
				D8B38A2F287D54BB00E02D38 /* MainViewController.swift in Sources */,
				D8B38A37287D5D4F00E02D38 /* BlogListCell.swift in Sources */,
				D8B38A44287D6B8300E02D38 /* DKBlog.swift in Sources */,
				D8B38A35287D5D4000E02D38 /* BlogListView.swift in Sources */,
				D8B38A46287D6DC600E02D38 /* SearchBlogAPI.swift in Sources */,
				D8B38A39287D5D5C00E02D38 /* BlogListCellData.swift in Sources */,
				D8B38A31287D57BB00E02D38 /* SearchBar.swift in Sources */,
				D8B38A0E287D536B00E02D38 /* AppDelegate.swift in Sources */,
				D8B38A33287D5B8A00E02D38 /* FilterView.swift in Sources */,
				D8B38A10287D536B00E02D38 /* SceneDelegate.swift in Sources */,
				D8B38A49287D6E8D00E02D38 /* SearchBlogNetwork.swift in Sources */,
				D8B38A42287D63CF00E02D38 /* AlertActionConvertible.swift in Sources */,
			);
			runOnlyForDeploymentPostprocessing = 0;
		};
/* End PBXSourcesBuildPhase section */

/* Begin PBXVariantGroup section */
		D8B38A18287D536D00E02D38 /* LaunchScreen.storyboard */ = {
			isa = PBXVariantGroup;
			children = (
				D8B38A19287D536D00E02D38 /* Base */,
			);
			name = LaunchScreen.storyboard;
			sourceTree = "<group>";
		};
/* End PBXVariantGroup section */

/* Begin XCBuildConfiguration section */
		D8B38A1C287D536D00E02D38 /* Debug */ = {
			isa = XCBuildConfiguration;
			buildSettings = {
				ALWAYS_SEARCH_USER_PATHS = NO;
				CLANG_ANALYZER_NONNULL = YES;
				CLANG_ANALYZER_NUMBER_OBJECT_CONVERSION = YES_AGGRESSIVE;
				CLANG_CXX_LANGUAGE_STANDARD = "gnu++17";
				CLANG_ENABLE_MODULES = YES;
				CLANG_ENABLE_OBJC_ARC = YES;
				CLANG_ENABLE_OBJC_WEAK = YES;
				CLANG_WARN_BLOCK_CAPTURE_AUTORELEASING = YES;
				CLANG_WARN_BOOL_CONVERSION = YES;
				CLANG_WARN_COMMA = YES;
				CLANG_WARN_CONSTANT_CONVERSION = YES;
				CLANG_WARN_DEPRECATED_OBJC_IMPLEMENTATIONS = YES;
				CLANG_WARN_DIRECT_OBJC_ISA_USAGE = YES_ERROR;
				CLANG_WARN_DOCUMENTATION_COMMENTS = YES;
				CLANG_WARN_EMPTY_BODY = YES;
				CLANG_WARN_ENUM_CONVERSION = YES;
				CLANG_WARN_INFINITE_RECURSION = YES;
				CLANG_WARN_INT_CONVERSION = YES;
				CLANG_WARN_NON_LITERAL_NULL_CONVERSION = YES;
				CLANG_WARN_OBJC_IMPLICIT_RETAIN_SELF = YES;
				CLANG_WARN_OBJC_LITERAL_CONVERSION = YES;
				CLANG_WARN_OBJC_ROOT_CLASS = YES_ERROR;
				CLANG_WARN_QUOTED_INCLUDE_IN_FRAMEWORK_HEADER = YES;
				CLANG_WARN_RANGE_LOOP_ANALYSIS = YES;
				CLANG_WARN_STRICT_PROTOTYPES = YES;
				CLANG_WARN_SUSPICIOUS_MOVE = YES;
				CLANG_WARN_UNGUARDED_AVAILABILITY = YES_AGGRESSIVE;
				CLANG_WARN_UNREACHABLE_CODE = YES;
				CLANG_WARN__DUPLICATE_METHOD_MATCH = YES;
				COPY_PHASE_STRIP = NO;
				DEBUG_INFORMATION_FORMAT = dwarf;
				ENABLE_STRICT_OBJC_MSGSEND = YES;
				ENABLE_TESTABILITY = YES;
				GCC_C_LANGUAGE_STANDARD = gnu11;
				GCC_DYNAMIC_NO_PIC = NO;
				GCC_NO_COMMON_BLOCKS = YES;
				GCC_OPTIMIZATION_LEVEL = 0;
				GCC_PREPROCESSOR_DEFINITIONS = (
					"DEBUG=1",
					"$(inherited)",
				);
				GCC_WARN_64_TO_32_BIT_CONVERSION = YES;
				GCC_WARN_ABOUT_RETURN_TYPE = YES_ERROR;
				GCC_WARN_UNDECLARED_SELECTOR = YES;
				GCC_WARN_UNINITIALIZED_AUTOS = YES_AGGRESSIVE;
				GCC_WARN_UNUSED_FUNCTION = YES;
				GCC_WARN_UNUSED_VARIABLE = YES;
				IPHONEOS_DEPLOYMENT_TARGET = 15.4;
				MTL_ENABLE_DEBUG_INFO = INCLUDE_SOURCE;
				MTL_FAST_MATH = YES;
				ONLY_ACTIVE_ARCH = YES;
				SDKROOT = iphoneos;
				SWIFT_ACTIVE_COMPILATION_CONDITIONS = DEBUG;
				SWIFT_OPTIMIZATION_LEVEL = "-Onone";
			};
			name = Debug;
		};
		D8B38A1D287D536D00E02D38 /* Release */ = {
			isa = XCBuildConfiguration;
			buildSettings = {
				ALWAYS_SEARCH_USER_PATHS = NO;
				CLANG_ANALYZER_NONNULL = YES;
				CLANG_ANALYZER_NUMBER_OBJECT_CONVERSION = YES_AGGRESSIVE;
				CLANG_CXX_LANGUAGE_STANDARD = "gnu++17";
				CLANG_ENABLE_MODULES = YES;
				CLANG_ENABLE_OBJC_ARC = YES;
				CLANG_ENABLE_OBJC_WEAK = YES;
				CLANG_WARN_BLOCK_CAPTURE_AUTORELEASING = YES;
				CLANG_WARN_BOOL_CONVERSION = YES;
				CLANG_WARN_COMMA = YES;
				CLANG_WARN_CONSTANT_CONVERSION = YES;
				CLANG_WARN_DEPRECATED_OBJC_IMPLEMENTATIONS = YES;
				CLANG_WARN_DIRECT_OBJC_ISA_USAGE = YES_ERROR;
				CLANG_WARN_DOCUMENTATION_COMMENTS = YES;
				CLANG_WARN_EMPTY_BODY = YES;
				CLANG_WARN_ENUM_CONVERSION = YES;
				CLANG_WARN_INFINITE_RECURSION = YES;
				CLANG_WARN_INT_CONVERSION = YES;
				CLANG_WARN_NON_LITERAL_NULL_CONVERSION = YES;
				CLANG_WARN_OBJC_IMPLICIT_RETAIN_SELF = YES;
				CLANG_WARN_OBJC_LITERAL_CONVERSION = YES;
				CLANG_WARN_OBJC_ROOT_CLASS = YES_ERROR;
				CLANG_WARN_QUOTED_INCLUDE_IN_FRAMEWORK_HEADER = YES;
				CLANG_WARN_RANGE_LOOP_ANALYSIS = YES;
				CLANG_WARN_STRICT_PROTOTYPES = YES;
				CLANG_WARN_SUSPICIOUS_MOVE = YES;
				CLANG_WARN_UNGUARDED_AVAILABILITY = YES_AGGRESSIVE;
				CLANG_WARN_UNREACHABLE_CODE = YES;
				CLANG_WARN__DUPLICATE_METHOD_MATCH = YES;
				COPY_PHASE_STRIP = NO;
				DEBUG_INFORMATION_FORMAT = "dwarf-with-dsym";
				ENABLE_NS_ASSERTIONS = NO;
				ENABLE_STRICT_OBJC_MSGSEND = YES;
				GCC_C_LANGUAGE_STANDARD = gnu11;
				GCC_NO_COMMON_BLOCKS = YES;
				GCC_WARN_64_TO_32_BIT_CONVERSION = YES;
				GCC_WARN_ABOUT_RETURN_TYPE = YES_ERROR;
				GCC_WARN_UNDECLARED_SELECTOR = YES;
				GCC_WARN_UNINITIALIZED_AUTOS = YES_AGGRESSIVE;
				GCC_WARN_UNUSED_FUNCTION = YES;
				GCC_WARN_UNUSED_VARIABLE = YES;
				IPHONEOS_DEPLOYMENT_TARGET = 15.4;
				MTL_ENABLE_DEBUG_INFO = NO;
				MTL_FAST_MATH = YES;
				SDKROOT = iphoneos;
				SWIFT_COMPILATION_MODE = wholemodule;
				SWIFT_OPTIMIZATION_LEVEL = "-O";
				VALIDATE_PRODUCT = YES;
			};
			name = Release;
		};
		D8B38A1F287D536D00E02D38 /* Debug */ = {
			isa = XCBuildConfiguration;
			buildSettings = {
				ASSETCATALOG_COMPILER_APPICON_NAME = AppIcon;
				ASSETCATALOG_COMPILER_GLOBAL_ACCENT_COLOR_NAME = AccentColor;
				CODE_SIGN_STYLE = Automatic;
				CURRENT_PROJECT_VERSION = 1;
				DEVELOPMENT_TEAM = UBA9LZ8GVL;
				GENERATE_INFOPLIST_FILE = YES;
				INFOPLIST_FILE = SearchDaumBlog/Info.plist;
				INFOPLIST_KEY_UIApplicationSupportsIndirectInputEvents = YES;
				INFOPLIST_KEY_UILaunchStoryboardName = LaunchScreen;
				INFOPLIST_KEY_UISupportedInterfaceOrientations_iPad = "UIInterfaceOrientationPortrait UIInterfaceOrientationPortraitUpsideDown UIInterfaceOrientationLandscapeLeft UIInterfaceOrientationLandscapeRight";
				INFOPLIST_KEY_UISupportedInterfaceOrientations_iPhone = "UIInterfaceOrientationPortrait UIInterfaceOrientationLandscapeLeft UIInterfaceOrientationLandscapeRight";
				LD_RUNPATH_SEARCH_PATHS = (
					"$(inherited)",
					"@executable_path/Frameworks",
				);
				MARKETING_VERSION = 1.0;
				PRODUCT_BUNDLE_IDENTIFIER = com.medium.raralabs.SearchDaumBlog;
				PRODUCT_NAME = "$(TARGET_NAME)";
				SWIFT_EMIT_LOC_STRINGS = YES;
				SWIFT_VERSION = 5.0;
				TARGETED_DEVICE_FAMILY = "1,2";
			};
			name = Debug;
		};
		D8B38A20287D536D00E02D38 /* Release */ = {
			isa = XCBuildConfiguration;
			buildSettings = {
				ASSETCATALOG_COMPILER_APPICON_NAME = AppIcon;
				ASSETCATALOG_COMPILER_GLOBAL_ACCENT_COLOR_NAME = AccentColor;
				CODE_SIGN_STYLE = Automatic;
				CURRENT_PROJECT_VERSION = 1;
				DEVELOPMENT_TEAM = UBA9LZ8GVL;
				GENERATE_INFOPLIST_FILE = YES;
				INFOPLIST_FILE = SearchDaumBlog/Info.plist;
				INFOPLIST_KEY_UIApplicationSupportsIndirectInputEvents = YES;
				INFOPLIST_KEY_UILaunchStoryboardName = LaunchScreen;
				INFOPLIST_KEY_UISupportedInterfaceOrientations_iPad = "UIInterfaceOrientationPortrait UIInterfaceOrientationPortraitUpsideDown UIInterfaceOrientationLandscapeLeft UIInterfaceOrientationLandscapeRight";
				INFOPLIST_KEY_UISupportedInterfaceOrientations_iPhone = "UIInterfaceOrientationPortrait UIInterfaceOrientationLandscapeLeft UIInterfaceOrientationLandscapeRight";
				LD_RUNPATH_SEARCH_PATHS = (
					"$(inherited)",
					"@executable_path/Frameworks",
				);
				MARKETING_VERSION = 1.0;
				PRODUCT_BUNDLE_IDENTIFIER = com.medium.raralabs.SearchDaumBlog;
				PRODUCT_NAME = "$(TARGET_NAME)";
				SWIFT_EMIT_LOC_STRINGS = YES;
				SWIFT_VERSION = 5.0;
				TARGETED_DEVICE_FAMILY = "1,2";
			};
			name = Release;
		};
/* End XCBuildConfiguration section */

/* Begin XCConfigurationList section */
		D8B38A05287D536B00E02D38 /* Build configuration list for PBXProject "SearchDaumBlog" */ = {
			isa = XCConfigurationList;
			buildConfigurations = (
				D8B38A1C287D536D00E02D38 /* Debug */,
				D8B38A1D287D536D00E02D38 /* Release */,
			);
			defaultConfigurationIsVisible = 0;
			defaultConfigurationName = Release;
		};
		D8B38A1E287D536D00E02D38 /* Build configuration list for PBXNativeTarget "SearchDaumBlog" */ = {
			isa = XCConfigurationList;
			buildConfigurations = (
				D8B38A1F287D536D00E02D38 /* Debug */,
				D8B38A20287D536D00E02D38 /* Release */,
			);
			defaultConfigurationIsVisible = 0;
			defaultConfigurationName = Release;
		};
/* End XCConfigurationList section */

/* Begin XCRemoteSwiftPackageReference section */
		D8B38A21287D53F700E02D38 /* XCRemoteSwiftPackageReference "rxswift" */ = {
			isa = XCRemoteSwiftPackageReference;
			repositoryURL = "https://github.com/reactivex/rxswift.git";
			requirement = {
				kind = upToNextMajorVersion;
				minimumVersion = 6.0.0;
			};
		};
		D8B38A28287D542500E02D38 /* XCRemoteSwiftPackageReference "Kingfisher" */ = {
			isa = XCRemoteSwiftPackageReference;
			repositoryURL = "https://github.com/onevcat/Kingfisher.git";
			requirement = {
				branch = master;
				kind = branch;
			};
		};
		D8B38A2B287D544500E02D38 /* XCRemoteSwiftPackageReference "SnapKit" */ = {
			isa = XCRemoteSwiftPackageReference;
			repositoryURL = "https://github.com/SnapKit/SnapKit.git";
			requirement = {
				branch = develop;
				kind = branch;
			};
		};
/* End XCRemoteSwiftPackageReference section */

/* Begin XCSwiftPackageProductDependency section */
		D8B38A22287D53F700E02D38 /* RxCocoa */ = {
			isa = XCSwiftPackageProductDependency;
			package = D8B38A21287D53F700E02D38 /* XCRemoteSwiftPackageReference "rxswift" */;
			productName = RxCocoa;
		};
		D8B38A24287D53F700E02D38 /* RxRelay */ = {
			isa = XCSwiftPackageProductDependency;
			package = D8B38A21287D53F700E02D38 /* XCRemoteSwiftPackageReference "rxswift" */;
			productName = RxRelay;
		};
		D8B38A26287D53F700E02D38 /* RxSwift */ = {
			isa = XCSwiftPackageProductDependency;
			package = D8B38A21287D53F700E02D38 /* XCRemoteSwiftPackageReference "rxswift" */;
			productName = RxSwift;
		};
		D8B38A29287D542600E02D38 /* Kingfisher */ = {
			isa = XCSwiftPackageProductDependency;
			package = D8B38A28287D542500E02D38 /* XCRemoteSwiftPackageReference "Kingfisher" */;
			productName = Kingfisher;
		};
		D8B38A2C287D544500E02D38 /* SnapKit */ = {
			isa = XCSwiftPackageProductDependency;
			package = D8B38A2B287D544500E02D38 /* XCRemoteSwiftPackageReference "SnapKit" */;
			productName = SnapKit;
		};
/* End XCSwiftPackageProductDependency section */
	};
	rootObject = D8B38A02287D536B00E02D38 /* Project object */;
}
